
Microsoft Visual Studio Solution File, Format Version 12.00
# Visual Studio Version 16
VisualStudioVersion = 16.0.30413.136
MinimumVisualStudioVersion = 10.0.40219.1
Project("{FAE04EC0-301F-11D3-BF4B-00C04F79EFBC}") = "Senai.EfCore.Manha.DbFirst", "Senai.EfCore.Manha.DbFirst\Senai.EfCore.Manha.DbFirst.csproj", "{0AC0920A-8569-48F1-B6AF-BA436F1E10B6}"
EndProject
Global
	GlobalSection(SolutionConfigurationPlatforms) = preSolution
		Debug|Any CPU = Debug|Any CPU
		Release|Any CPU = Release|Any CPU
	EndGlobalSection
	GlobalSection(ProjectConfigurationPlatforms) = postSolution
		{0AC0920A-8569-48F1-B6AF-BA436F1E10B6}.Debug|Any CPU.ActiveCfg = Debug|Any CPU
		{0AC0920A-8569-48F1-B6AF-BA436F1E10B6}.Debug|Any CPU.Build.0 = Debug|Any CPU
		{0AC0920A-8569-48F1-B6AF-BA436F1E10B6}.Release|Any CPU.ActiveCfg = Release|Any CPU
		{0AC0920A-8569-48F1-B6AF-BA436F1E10B6}.Release|Any CPU.Build.0 = Release|Any CPU
	EndGlobalSection
	GlobalSection(SolutionProperties) = preSolution
		HideSolutionNode = FALSE
	EndGlobalSection
	GlobalSection(ExtensibilityGlobals) = postSolution
		SolutionGuid = {A2E2B698-644B-4EEE-BA83-80EE45B38ED1}
	EndGlobalSection
EndGlobal
